
Microsoft Visual Studio Solution File, Format Version 12.00
# Visual Studio Version 16
VisualStudioVersion = 25.0.1705.6
MinimumVisualStudioVersion = 10.0.40219.1
Project("{FAE04EC0-301F-11D3-BF4B-00C04F79EFBC}") = "C4---TA20-Flujo-de-datos", "C4---TA20-Flujo-de-datos.csproj", "{DF62608E-6526-421A-AEC9-A36677430EAF}"
EndProject
Global
	GlobalSection(SolutionConfigurationPlatforms) = preSolution
		Debug|Any CPU = Debug|Any CPU
		Release|Any CPU = Release|Any CPU
	EndGlobalSection
	GlobalSection(ProjectConfigurationPlatforms) = postSolution
		{DF62608E-6526-421A-AEC9-A36677430EAF}.Debug|Any CPU.ActiveCfg = Debug|Any CPU
		{DF62608E-6526-421A-AEC9-A36677430EAF}.Debug|Any CPU.Build.0 = Debug|Any CPU
		{DF62608E-6526-421A-AEC9-A36677430EAF}.Release|Any CPU.ActiveCfg = Release|Any CPU
		{DF62608E-6526-421A-AEC9-A36677430EAF}.Release|Any CPU.Build.0 = Release|Any CPU
	EndGlobalSection
	GlobalSection(SolutionProperties) = preSolution
		HideSolutionNode = FALSE
	EndGlobalSection
	GlobalSection(ExtensibilityGlobals) = postSolution
		SolutionGuid = {1DB9E508-35AB-4B58-9A9E-0B7B6F5AF159}
	EndGlobalSection
EndGlobal
